
Microsoft Visual Studio Solution File, Format Version 12.00
# Visual Studio Version 16
VisualStudioVersion = 16.0.29324.140
MinimumVisualStudioVersion = 10.0.40219.1
Project("{FAE04EC0-301F-11D3-BF4B-00C04F79EFBC}") = "test.Android", "test\test.Android\test.Android.csproj", "{71FA2B77-5E9B-4E70-BD1A-1319CB4450FA}"
EndProject
Project("{FAE04EC0-301F-11D3-BF4B-00C04F79EFBC}") = "test.iOS", "test\test.iOS\test.iOS.csproj", "{094C90D1-3F98-4EEF-8C3E-C93700B39B2A}"
EndProject
Project("{FAE04EC0-301F-11D3-BF4B-00C04F79EFBC}") = "test", "test\test\test.csproj", "{5EF22457-F545-4B68-A5A8-6529CCEDA722}"
EndProject
Global
	GlobalSection(SolutionConfigurationPlatforms) = preSolution
		Debug|Any CPU = Debug|Any CPU
		Debug|iPhone = Debug|iPhone
		Debug|iPhoneSimulator = Debug|iPhoneSimulator
		Release|Any CPU = Release|Any CPU
		Release|iPhone = Release|iPhone
		Release|iPhoneSimulator = Release|iPhoneSimulator
	EndGlobalSection
	GlobalSection(ProjectConfigurationPlatforms) = postSolution
		{71FA2B77-5E9B-4E70-BD1A-1319CB4450FA}.Debug|Any CPU.ActiveCfg = Debug|Any CPU
		{71FA2B77-5E9B-4E70-BD1A-1319CB4450FA}.Debug|Any CPU.Build.0 = Debug|Any CPU
		{71FA2B77-5E9B-4E70-BD1A-1319CB4450FA}.Debug|Any CPU.Deploy.0 = Debug|Any CPU
		{71FA2B77-5E9B-4E70-BD1A-1319CB4450FA}.Debug|iPhone.ActiveCfg = Debug|Any CPU
		{71FA2B77-5E9B-4E70-BD1A-1319CB4450FA}.Debug|iPhone.Build.0 = Debug|Any CPU
		{71FA2B77-5E9B-4E70-BD1A-1319CB4450FA}.Debug|iPhone.Deploy.0 = Debug|Any CPU
		{71FA2B77-5E9B-4E70-BD1A-1319CB4450FA}.Debug|iPhoneSimulator.ActiveCfg = Debug|Any CPU
		{71FA2B77-5E9B-4E70-BD1A-1319CB4450FA}.Debug|iPhoneSimulator.Build.0 = Debug|Any CPU
		{71FA2B77-5E9B-4E70-BD1A-1319CB4450FA}.Debug|iPhoneSimulator.Deploy.0 = Debug|Any CPU
		{71FA2B77-5E9B-4E70-BD1A-1319CB4450FA}.Release|Any CPU.ActiveCfg = Release|Any CPU
		{71FA2B77-5E9B-4E70-BD1A-1319CB4450FA}.Release|Any CPU.Build.0 = Release|Any CPU
		{71FA2B77-5E9B-4E70-BD1A-1319CB4450FA}.Release|Any CPU.Deploy.0 = Release|Any CPU
		{71FA2B77-5E9B-4E70-BD1A-1319CB4450FA}.Release|iPhone.ActiveCfg = Release|Any CPU
		{71FA2B77-5E9B-4E70-BD1A-1319CB4450FA}.Release|iPhone.Build.0 = Release|Any CPU
		{71FA2B77-5E9B-4E70-BD1A-1319CB4450FA}.Release|iPhone.Deploy.0 = Release|Any CPU
		{71FA2B77-5E9B-4E70-BD1A-1319CB4450FA}.Release|iPhoneSimulator.ActiveCfg = Release|Any CPU
		{71FA2B77-5E9B-4E70-BD1A-1319CB4450FA}.Release|iPhoneSimulator.Build.0 = Release|Any CPU
		{71FA2B77-5E9B-4E70-BD1A-1319CB4450FA}.Release|iPhoneSimulator.Deploy.0 = Release|Any CPU
		{094C90D1-3F98-4EEF-8C3E-C93700B39B2A}.Debug|Any CPU.ActiveCfg = Debug|iPhoneSimulator
		{094C90D1-3F98-4EEF-8C3E-C93700B39B2A}.Debug|Any CPU.Build.0 = Debug|iPhoneSimulator
		{094C90D1-3F98-4EEF-8C3E-C93700B39B2A}.Debug|Any CPU.Deploy.0 = Debug|iPhoneSimulator
		{094C90D1-3F98-4EEF-8C3E-C93700B39B2A}.Debug|iPhone.ActiveCfg = Debug|iPhone
		{094C90D1-3F98-4EEF-8C3E-C93700B39B2A}.Debug|iPhone.Build.0 = Debug|iPhone
		{094C90D1-3F98-4EEF-8C3E-C93700B39B2A}.Debug|iPhone.Deploy.0 = Debug|iPhone
		{094C90D1-3F98-4EEF-8C3E-C93700B39B2A}.Debug|iPhoneSimulator.ActiveCfg = Debug|iPhoneSimulator
		{094C90D1-3F98-4EEF-8C3E-C93700B39B2A}.Debug|iPhoneSimulator.Build.0 = Debug|iPhoneSimulator
		{094C90D1-3F98-4EEF-8C3E-C93700B39B2A}.Debug|iPhoneSimulator.Deploy.0 = Debug|iPhoneSimulator
		{094C90D1-3F98-4EEF-8C3E-C93700B39B2A}.Release|Any CPU.ActiveCfg = Release|iPhone
		{094C90D1-3F98-4EEF-8C3E-C93700B39B2A}.Release|Any CPU.Build.0 = Release|iPhone
		{094C90D1-3F98-4EEF-8C3E-C93700B39B2A}.Release|Any CPU.Deploy.0 = Release|iPhone
		{094C90D1-3F98-4EEF-8C3E-C93700B39B2A}.Release|iPhone.ActiveCfg = Release|iPhone
		{094C90D1-3F98-4EEF-8C3E-C93700B39B2A}.Release|iPhone.Build.0 = Release|iPhone
		{094C90D1-3F98-4EEF-8C3E-C93700B39B2A}.Release|iPhone.Deploy.0 = Release|iPhone
		{094C90D1-3F98-4EEF-8C3E-C93700B39B2A}.Release|iPhoneSimulator.ActiveCfg = Release|iPhoneSimulator
		{094C90D1-3F98-4EEF-8C3E-C93700B39B2A}.Release|iPhoneSimulator.Build.0 = Release|iPhoneSimulator
		{094C90D1-3F98-4EEF-8C3E-C93700B39B2A}.Release|iPhoneSimulator.Deploy.0 = Release|iPhoneSimulator
		{5EF22457-F545-4B68-A5A8-6529CCEDA722}.Debug|Any CPU.ActiveCfg = Debug|Any CPU
		{5EF22457-F545-4B68-A5A8-6529CCEDA722}.Debug|Any CPU.Build.0 = Debug|Any CPU
		{5EF22457-F545-4B68-A5A8-6529CCEDA722}.Debug|Any CPU.Deploy.0 = Debug|Any CPU
		{5EF22457-F545-4B68-A5A8-6529CCEDA722}.Debug|iPhone.ActiveCfg = Debug|Any CPU
		{5EF22457-F545-4B68-A5A8-6529CCEDA722}.Debug|iPhone.Build.0 = Debug|Any CPU
		{5EF22457-F545-4B68-A5A8-6529CCEDA722}.Debug|iPhone.Deploy.0 = Debug|Any CPU
		{5EF22457-F545-4B68-A5A8-6529CCEDA722}.Debug|iPhoneSimulator.ActiveCfg = Debug|Any CPU
		{5EF22457-F545-4B68-A5A8-6529CCEDA722}.Debug|iPhoneSimulator.Build.0 = Debug|Any CPU
		{5EF22457-F545-4B68-A5A8-6529CCEDA722}.Debug|iPhoneSimulator.Deploy.0 = Debug|Any CPU
		{5EF22457-F545-4B68-A5A8-6529CCEDA722}.Release|Any CPU.ActiveCfg = Release|Any CPU
		{5EF22457-F545-4B68-A5A8-6529CCEDA722}.Release|Any CPU.Build.0 = Release|Any CPU
		{5EF22457-F545-4B68-A5A8-6529CCEDA722}.Release|Any CPU.Deploy.0 = Release|Any CPU
		{5EF22457-F545-4B68-A5A8-6529CCEDA722}.Release|iPhone.ActiveCfg = Release|Any CPU
		{5EF22457-F545-4B68-A5A8-6529CCEDA722}.Release|iPhone.Build.0 = Release|Any CPU
		{5EF22457-F545-4B68-A5A8-6529CCEDA722}.Release|iPhone.Deploy.0 = Release|Any CPU
		{5EF22457-F545-4B68-A5A8-6529CCEDA722}.Release|iPhoneSimulator.ActiveCfg = Release|Any CPU
		{5EF22457-F545-4B68-A5A8-6529CCEDA722}.Release|iPhoneSimulator.Build.0 = Release|Any CPU
		{5EF22457-F545-4B68-A5A8-6529CCEDA722}.Release|iPhoneSimulator.Deploy.0 = Release|Any CPU
	EndGlobalSection
	GlobalSection(SolutionProperties) = preSolution
		HideSolutionNode = FALSE
	EndGlobalSection
	GlobalSection(ExtensibilityGlobals) = postSolution
		SolutionGuid = {086C2ABC-B199-4D60-B49F-5A7EC09606BC}
	EndGlobalSection
EndGlobal
